
Microsoft Visual Studio Solution File, Format Version 12.00
# Visual Studio Version 17
VisualStudioVersion = 17.13.35825.156 d17.13
MinimumVisualStudioVersion = 10.0.40219.1
Project("{FAE04EC0-301F-11D3-BF4B-00C04F79EFBC}") = "RPG-Front-end", "RPG-Front-end\RPG-Front-end.csproj", "{7726CCC5-8402-45E5-AB7B-84B42D5D2BB9}"
EndProject
Global
	GlobalSection(SolutionConfigurationPlatforms) = preSolution
		Debug|Any CPU = Debug|Any CPU
		Release|Any CPU = Release|Any CPU
	EndGlobalSection
	GlobalSection(ProjectConfigurationPlatforms) = postSolution
		{7726CCC5-8402-45E5-AB7B-84B42D5D2BB9}.Debug|Any CPU.ActiveCfg = Debug|Any CPU
		{7726CCC5-8402-45E5-AB7B-84B42D5D2BB9}.Debug|Any CPU.Build.0 = Debug|Any CPU
		{7726CCC5-8402-45E5-AB7B-84B42D5D2BB9}.Release|Any CPU.ActiveCfg = Release|Any CPU
		{7726CCC5-8402-45E5-AB7B-84B42D5D2BB9}.Release|Any CPU.Build.0 = Release|Any CPU
	EndGlobalSection
	GlobalSection(SolutionProperties) = preSolution
		HideSolutionNode = FALSE
	EndGlobalSection
	GlobalSection(ExtensibilityGlobals) = postSolution
		SolutionGuid = {EDE07975-8300-4A8B-BC5B-554CB37CC2AB}
	EndGlobalSection
EndGlobal
